lockfileVersion: '9.0'

settings:
  autoInstallPeers: true
  excludeLinksFromLockfile: false

importers:

  .:
    devDependencies:
      '@rspack/core':
        specifier: 2.2.0
        version: 2.2.0
      '@swc/core':
        specifier: 1.16.1
        version: 1.16.1
      '@types/node':
        specifier: 26.3.0
        version: 26.3.0
      typescript:
        specifier: 7.0.2
        version: 7.0.2

packages:

  '@emnapi/core@1.11.3':
    resolution: {integrity: sha512-zLpS5asjEb7lq8jYLq37N6XKaE41DIexlY1rF/z4/tIl3wo13Sqm28fRyfIsKZD+NZ8mM5RoKkpW/rBcuoSZSg==}

  '@emnapi/runtime@1.11.3':
    resolution: {integrity: sha512-Xz4Tpyki7XyrpbUK1jR1AhdAdaXyhhY4lZ3neLodmhpuWfy2PAQN5B46sAiU4liOXGLkHypn/qU+jvfWSCYYLA==}

  '@emnapi/wasi-threads@1.2.3':
    resolution: {integrity: sha512-ELEBe8PsLvvJ6QMr0zLt8ffvOHW/dc1m3CEzNMg7aJUv3bMaoDtw2TXyDAwkYBuroxxuHEwhRTLJSe5sya547g==}

  '@napi-rs/wasm-runtime@1.1.6':
    resolution: {integrity: sha512-ZLv/JdUfkvOy9eCnnBaGfiO+XimbjebAeO+MRQqD/B+FR1tnRN0tpKSJHRbE8sFfS6aqsXZ67TQjfwfsxULVbg==}
    peerDependencies:
      '@emnapi/core': ^1.7.1
      '@emnapi/runtime': ^1.7.1

  '@rspack/binding-darwin-arm64@2.2.0':
    resolution: {integrity: sha512-KAVVT7hp3NBjtc/RY2UtOjzzc8i+s4pIhW1p52UV+Aev6ywQCu3dXwkHTonpPvJO3hqLXc4zIMH5l4HbMqBm4g==}
    cpu: [arm64]
    os: [darwin]

  '@rspack/binding-darwin-x64@2.2.0':
    resolution: {integrity: sha512-rzyJCX99aFwl540trsVMNZOgK4+IFm2d5+YeP+RdNo9Uprxloz8vHz0J4dYtaq6MRiCAyM60dAwEa3wJMwqWAQ==}
    cpu: [x64]
    os: [darwin]

  '@rspack/binding-linux-arm64-gnu@2.2.0':
    resolution: {integrity: sha512-0t8QOiOMcBV7RvPSsTJ5DQ4QCK6FIyUZy77qbxnS6asGTOXPZZn7V5cL26IxEv/wuHdQ6tQOXheau1fi+gGyBQ==}
    cpu: [arm64]
    os: [linux]
    libc: [glibc]

  '@rspack/binding-linux-arm64-musl@2.2.0':
    resolution: {integrity: sha512-BAvCukqcuHxUdE294ITCohvhVkEklW8RbkKkR36Uo0WyIiMPGrnvPjARPn0/4Q4xMAz7lUmC60sZrvJHlAOKMw==}
    cpu: [arm64]
    os: [linux]
    libc: [musl]

  '@rspack/binding-linux-ppc64-gnu@2.2.0':
    resolution: {integrity: sha512-nCHqZLv/E8nm2ccGkb00F5DQtXxzGy3W3X73ArA+N0+zXJUnzRcSRSwr7AE8pVgP/FYfX4yMFgUXy0g0YxYGRA==}
    cpu: [ppc64]
    os: [linux]
    libc: [glibc]

  '@rspack/binding-linux-riscv64-gnu@2.2.0':
    resolution: {integrity: sha512-CA3WEqKFDI6FAZTnCho2n9pmdPWZYAW/S8mqgxd0cx2Jix43at3VyLxhCC7ED5A9WBSFn/AdHaIbVtgoQHVhWA==}
    cpu: [riscv64]
    os: [linux]
    libc: [glibc]

  '@rspack/binding-linux-riscv64-musl@2.2.0':
    resolution: {integrity: sha512-kHB960oClkoPRPZ6sdkhRvqbdRIlbpIMYd/Tbxfmn3DWQahiCk1pkUFJbOtFq3EgESxZISV4THl442W2Y57HvQ==}
    cpu: [riscv64]
    os: [linux]
    libc: [musl]

  '@rspack/binding-linux-s390x-gnu@2.2.0':
    resolution: {integrity: sha512-lVBdiffVo1jq0P0jT36jNou2suLB4ueQI4aWUs+HM+h67YPBtVKWu/mo5Wh59+8nowgcZmYaFM5hdH69963I9w==}
    cpu: [s390x]
    os: [linux]
    libc: [glibc]

  '@rspack/binding-linux-x64-gnu@2.2.0':
    resolution: {integrity: sha512-M49UaWspE0YJ3268DsquD8idEQTfjBDMvO/I8qccV/Z5T+Q98FJ+kIs5liUaTWb48OIbDEK+8ZKx5QzLbfVN6g==}
    cpu: [x64]
    os: [linux]
    libc: [glibc]

  '@rspack/binding-linux-x64-musl@2.2.0':
    resolution: {integrity: sha512-YYbs0wmey+5blhEQDE4Dax3TwJtqfGwe2QBm3OLphlBHo/fcZVvimzKkMV0/pVrZTLy2z5ZAwNhGMY64bNr77w==}
    cpu: [x64]
    os: [linux]
    libc: [musl]

  '@rspack/binding-wasm32-wasi@2.2.0':
    resolution: {integrity: sha512-rerLPTN/HD4EvLNWs3O2N+Eb37eGvLRIP3dXXc3n+UzTebOepAsahNn44vXeRBsE4m/pHkpDJjwgWTytgQ2gBw==}
    cpu: [wasm32]

  '@rspack/binding-win32-arm64-msvc@2.2.0':
    resolution: {integrity: sha512-JUAmnbOQYGTRyX28vls/MOMonZWcmcCi5YtEq6YMc8Xqh3Qx0HUwaLM/I1xr/N9BX3b8CV0dQDOpNuBc2ei+CA==}
    cpu: [arm64]
    os: [win32]

  '@rspack/binding-win32-ia32-msvc@2.2.0':
    resolution: {integrity: sha512-wOmQRUaOG0eWH/fnfslA9yK9xKfaq9X+3Xa1TdTJnTqlo0ARJYs6A+Lzjbs7cxdY/o1f12Xe00BG3nQozReUOg==}
    cpu: [ia32]
    os: [win32]

  '@rspack/binding-win32-x64-msvc@2.2.0':
    resolution: {integrity: sha512-v6/3bFr9+i7hRpgulL9b5qCvZL0VgR4vQGQNqOWezUzZmPUj9LYpvB0L9xZIVwDQ2ug/xBiA58bfg5IbESgoyw==}
    cpu: [x64]
    os: [win32]

  '@rspack/binding@2.2.0':
    resolution: {integrity: sha512-nxZzJqqB0EmEKp6qjzFNkBb/SgGt0k0DSENrLvAJgvVvrm3waVsubD0cfxtPlZY/rd5SzadzxWGEHRyFcds5nA==}

  '@rspack/core@2.2.0':
    resolution: {integrity: sha512-3W7oX0BAHbK4VlknH3lfyfRvupzxdZtyEa+DfKmdjzmIAcqYtHnFd0nLqp5dzitDPyDI1TIKkDhpB0AZJn0pVg==}
    engines: {node: ^20.19.0 || >=22.12.0}
    peerDependencies:
      '@module-federation/runtime-tools': ^0.24.1 || ^2.0.0
      '@swc/helpers': ^0.5.23
    peerDependenciesMeta:
      '@module-federation/runtime-tools':
        optional: true
      '@swc/helpers':
        optional: true

  '@swc/core-darwin-arm64@1.16.1':
    resolution: {integrity: sha512-zlJblJ8ncErD43lKdxjbUaUskJQf+LxiPXYcWXD8/8ZMV+7uuAT+CwjciLXpyZBd5Pq/S726bMpeeAwSeL1hhg==}
    engines: {node: '>=10'}
    cpu: [arm64]
    os: [darwin]

  '@swc/core-darwin-x64@1.16.1':
    resolution: {integrity: sha512-IN0BmPWb0YAh/17mmlWB/HDBtTw2MfuW4hulf/tQAgTQBRH17l+z499bNJLK6LizSjqs0P7V+jU38Zj+vJC1DA==}
    engines: {node: '>=10'}
    cpu: [x64]
    os: [darwin]

  '@swc/core-linux-arm-gnueabihf@1.16.1':
    resolution: {integrity: sha512-EYgrx2YOCQ2Twz2S793kqNjPkpvYVUPzzR95bIb7by+VQcyaai4lZZ2iz/tZvcFVKSNcN3/JTKwx+aBn2ZL52A==}
    engines: {node: '>=10'}
    cpu: [arm]
    os: [linux]

  '@swc/core-linux-arm64-gnu@1.16.1':
    resolution: {integrity: sha512-moyKm0YZlHdHohzm1YwgAyesqnE853rO0REMfJLFAova51wF9BNi+3ZW2PeS7Vqvn6HeJuepLpAHbBdZctxpHA==}
    engines: {node: '>=10'}
    cpu: [arm64]
    os: [linux]
    libc: [glibc]

  '@swc/core-linux-arm64-musl@1.16.1':
    resolution: {integrity: sha512-kKGBO9wdapiSzuf5ZzZ2fYtlu1BNSYtIIUxvH1ir/gcelTOREEHGDCLTDFx/2Knf878nU11A40z7LxwasEFxqA==}
    engines: {node: '>=10'}
    cpu: [arm64]
    os: [linux]
    libc: [musl]

  '@swc/core-linux-ppc64-gnu@1.16.1':
    resolution: {integrity: sha512-nZ6qahtLxC3PM54cWOQZHxt4lTCF/3J4LIoWWzz6v7A+rLs8Dx54anYQf7mH3eIi8KlNpgKci/ie8ZSqFN8O7A==}
    engines: {node: '>=10'}
    cpu: [ppc64]
    os: [linux]
    libc: [glibc]

  '@swc/core-linux-s390x-gnu@1.16.1':
    resolution: {integrity: sha512-4ji5PNzhYq193Z4/4xUaSoNJza6iCkDJSzhetrbB6KOYxsr+kxtQr8ePWhMJUiMt6JUWtXaZ1PYT8FhtED+nGA==}
    engines: {node: '>=10'}
    cpu: [s390x]
    os: [linux]
    libc: [glibc]

  '@swc/core-linux-x64-gnu@1.16.1':
    resolution: {integrity: sha512-VJQxqrisHV+B394IgrOu8YsIIXZgffnf5tO+yc9Z/hoUpuZEvuQTjWwlnpZdpyD+0nx6LTD1/3k646JYm43yJA==}
    engines: {node: '>=10'}
    cpu: [x64]
    os: [linux]
    libc: [glibc]

  '@swc/core-linux-x64-musl@1.16.1':
    resolution: {integrity: sha512-r9oV1mwxxsIGcLV1IQ/tw76MW3doatKze1QFWuC+a7QqJUkhY/bKTSVk6NpKKUGm2LDsE33Va8VqSClfA7vSiQ==}
    engines: {node: '>=10'}
    cpu: [x64]
    os: [linux]
    libc: [musl]

  '@swc/core-win32-arm64-msvc@1.16.1':
    resolution: {integrity: sha512-6huNRessoBLxWEqBm5zJXyCQ27TO7anvkdiuQ5MDO4CJni0nOXEqKtV9RllQ2TdyENKKsUMXVnIfW2hIXx/R5Q==}
    engines: {node: '>=10'}
    cpu: [arm64]
    os: [win32]

  '@swc/core-win32-ia32-msvc@1.16.1':
    resolution: {integrity: sha512-OVKJFUzphrGmsh+BGtcZDesx0YryV7/Yvy5XGgTqnrZfjnyfcr5uaqYQugCckdIlupc5Vs3XtDjRAj12z4ZPlw==}
    engines: {node: '>=10'}
    cpu: [ia32]
    os: [win32]

  '@swc/core-win32-x64-msvc@1.16.1':
    resolution: {integrity: sha512-Bt+VIhWYCGk4urklnkkteLUOeLv1VxigwTCeB/xC6rBZxY6IIKdDwCJf6on3E3SUGsIqmQS6QqtuJQc1VxF4Aw==}
    engines: {node: '>=10'}
    cpu: [x64]
    os: [win32]

  '@swc/core@1.16.1':
    resolution: {integrity: sha512-nUaeu91O5QZKrQdaDCHd402ogUIoNOOjpkZNq0UomWK0G6gDaGmLhvddF1/3BXf5O8aLyo6ZPY/aMDWvaJQ/hg==}
    engines: {node: '>=10'}
    peerDependencies:
      '@swc/helpers': '>=0.5.17'
    peerDependenciesMeta:
      '@swc/helpers':
        optional: true

  '@swc/counter@0.1.3':
    resolution: {integrity: sha512-e2BR4lsJkkRlKZ/qCHPw9ZaSxc0MVUd7gtbtaB7aMvHeJVYe8sOB8DBZkP2DtISHGSku9sCK6T6cnY0CtXrOCQ==}

  '@swc/types@0.1.28':
    resolution: {integrity: sha512-V6Mnml8v09QALx6K0elJ7o9K/MkVDtW3t6L+7Ou/JcWtb3xwId2AH4FeOceySd2JaO87IMw4+6vSZxLm34LPbw==}

  '@tybys/wasm-util@0.10.3':
    resolution: {integrity: sha512-F3fo1MYrRJYL3zER0OUOmkutjr1Vp23m7OsSgp7nq4SP6OqX6C/56XFIPAl5bt3zaBRjmW7SGz3u/6LwFpYcOg==}

  '@types/node@26.3.0':
    resolution: {integrity: sha512-L3fgrnchriRC2ExBflb8j4uZZURHZfQsmQeyVzhjcHW4kkwVyo8/0h1B2MVzMTrYUJYu6G7EWs14hW/L9putqw==}

  '@typescript/typescript-aix-ppc64@7.0.2':
    resolution: {integrity: sha512-MTKKkWB7p/0E9xi1d1tHtZ5PiLkGEMIq88pK2CubZjOsLtYTLqhgIgi6zepFa+9GHZ6h05NMCkQxGKiPXMxXtQ==}
    engines: {node: '>=16.20.0'}
    cpu: [ppc64]
    os: [aix]

  '@typescript/typescript-darwin-arm64@7.0.2':
    resolution: {integrity: sha512-gowzar9MwS/aRWp6f3a4KUqzRjAZjOsmGNCM6LcTgXum+dBfgsBVMN+AgvOCCbguXyick6LJhpBszxMebJ8syA==}
    engines: {node: '>=16.20.0'}
    cpu: [arm64]
    os: [darwin]

  '@typescript/typescript-darwin-x64@7.0.2':
    resolution: {integrity: sha512-SZ9xZInqApNlNGc9s0W1VSsktYSOe9cFqNOIqmN1Gs8SmkjKZYFt017G4VwPxASInODuAdbTW7sXiFUf893RgA==}
    engines: {node: '>=16.20.0'}
    cpu: [x64]
    os: [darwin]

  '@typescript/typescript-freebsd-arm64@7.0.2':
    resolution: {integrity: sha512-W5NH4y/J0plIIS5b2xvTEkU7JFxyqdMAOgf+Ilhl0vHQXKO5dZoxd+C/jEtq56c4F3wk71RB4BMRQ2XdI+bwYQ==}
    engines: {node: '>=16.20.0'}
    cpu: [arm64]
    os: [freebsd]

  '@typescript/typescript-freebsd-x64@7.0.2':
    resolution: {integrity: sha512-UMGDx5sTpzNw3WiPebH7l90IWfJggEd+egHt/q6p7/Cm3zqoV7VxkGXt+3DxPIw8CcmvAB0j3sVVfbhX+M4Tpw==}
    engines: {node: '>=16.20.0'}
    cpu: [x64]
    os: [freebsd]

  '@typescript/typescript-linux-arm64@7.0.2':
    resolution: {integrity: sha512-Qh4eU4/y3yDjnfjjyPYihMj5/ODIlmt+Bzu17OI+fiSRDW57QmU5SiN63exPRNJPKUzcc1INa1NXdrJ+MqHjUQ==}
    engines: {node: '>=16.20.0'}
    cpu: [arm64]
    os: [linux]

  '@typescript/typescript-linux-arm@7.0.2':
    resolution: {integrity: sha512-gffT3xPz9sR7j/YJExkyPntrI0P2EP9XbOyWzth2/Gs0RstK+90RBcO0ncXoXy/beYll1SXw846Nf2zdnEz0QQ==}
    engines: {node: '>=16.20.0'}
    cpu: [arm]
    os: [linux]

  '@typescript/typescript-linux-loong64@7.0.2':
    resolution: {integrity: sha512-uEHck9i8hoAzXPiYRib1O7miOnz23SxIeVl6F4LXox+qov1K35jHcEW6VHKvZI+pyvl7fZEP4MCU5LYvIq1GuQ==}
    engines: {node: '>=16.20.0'}
    cpu: [loong64]
    os: [linux]

  '@typescript/typescript-linux-mips64el@7.0.2':
    resolution: {integrity: sha512-R4KvAMnE43W5Qeqb0Ly56O3mWMWIAgsMyz36DCaycd5nbg/9kzm0liw3JocfRqyJY0KPmzFjbswozXyW0DnIYA==}
    engines: {node: '>=16.20.0'}
    cpu: [mips64el]
    os: [linux]

  '@typescript/typescript-linux-ppc64@7.0.2':
    resolution: {integrity: sha512-DORx5b3sd/4S7eayxm4FQv+A7CrkUIGRaHiwI8oiHTAI1fAPWhF4J0vAlkC8biAlHSVVwxMQ3tjZ2/DVbnQiiA==}
    engines: {node: '>=16.20.0'}
    cpu: [ppc64]
    os: [linux]

  '@typescript/typescript-linux-riscv64@7.0.2':
    resolution: {integrity: sha512-wf0jqEDOjrPRnKwYRyyJDRo11KMbvMFrU+q4zqKyChODBzvlkbhNQfKvLxQCcwTpdDaXSHZTVuh0JoCrKCUMHQ==}
    engines: {node: '>=16.20.0'}
    cpu: [riscv64]
    os: [linux]

  '@typescript/typescript-linux-s390x@7.0.2':
    resolution: {integrity: sha512-IkwJc3L7yhytWd/ewjyxNDfOmswCm9GWMJT/ue/dU4aZNbwZeYAetq42VyLmsmSjvoX7z74X6ZaYCtzAr0EuGw==}
    engines: {node: '>=16.20.0'}
    cpu: [s390x]
    os: [linux]

  '@typescript/typescript-linux-x64@7.0.2':
    resolution: {integrity: sha512-EYdf2cNg7rgCWJnxCdJ+F3V39O8ihb37eHAu1LK8oAFizgTQbPOK7zHHXbPt8rX24COqODXeI3sIf0fCXG7H/A==}
    engines: {node: '>=16.20.0'}
    cpu: [x64]
    os: [linux]

  '@typescript/typescript-netbsd-arm64@7.0.2':
    resolution: {integrity: sha512-+polYF4MF04aPpO5FTkHran9yUQDSXqy5GiSDKpsll5jy3l3+g9QLhpf39T+ePtefhXLOGrLl0QIjkQP6VnelA==}
    engines: {node: '>=16.20.0'}
    cpu: [arm64]
    os: [netbsd]

  '@typescript/typescript-netbsd-x64@7.0.2':
    resolution: {integrity: sha512-8YIT0EHM/3dq10ZOVF/A7pc/YSMtbcecct4rWtexrnSCHOPcpC2KTLXfTCR6vDpnSiY12heNb1GiN/wu+T/FyA==}
    engines: {node: '>=16.20.0'}
    cpu: [x64]
    os: [netbsd]

  '@typescript/typescript-openbsd-arm64@7.0.2':
    resolution: {integrity: sha512-APT8+ClYnuYm1u9+kgGXoMj2VzWzcymwh2gNSQVySHfkRDGOTVkoWLjCmOQSaO+PoqQ57B0flRp9SA+7GnnkzQ==}
    engines: {node: '>=16.20.0'}
    cpu: [arm64]
    os: [openbsd]

  '@typescript/typescript-openbsd-x64@7.0.2':
    resolution: {integrity: sha512-yX7s+Q0Dln0Dt9tEzZsAjXXR/+ytBM7AlglaqyeMPxQszJ1JhlJdZ6jLA+IzldHtflX81em7lDao1xXu+aRRkg==}
    engines: {node: '>=16.20.0'}
    cpu: [x64]
    os: [openbsd]

  '@typescript/typescript-sunos-x64@7.0.2':
    resolution: {integrity: sha512-dLJDGaLZ1D4HPQn62u1n8mBDkJREwMsAkCdkwd4Ieqw+x3TUyTsqY0YiBCtE6H6OzzgGk3iuZ3vFWRS+E8/d1g==}
    engines: {node: '>=16.20.0'}
    cpu: [x64]
    os: [sunos]

  '@typescript/typescript-win32-arm64@7.0.2':
    resolution: {integrity: sha512-Gyl1Vy6OsWesLzmq+EP0Fb7b4Nid5232AvcA2SFcdYreldpNtYFFofPjnt62y9hQy7VTaZp65ICJjuAQRaVcIQ==}
    engines: {node: '>=16.20.0'}
    cpu: [arm64]
    os: [win32]

  '@typescript/typescript-win32-x64@7.0.2':
    resolution: {integrity: sha512-0BQ3HkAHHlKLSp1qRvf3SUhGpGsDuhB/jgFw75guyqbxJqEaS0Cw/VFO8i2nHglJUzQCRtMMR/IBAKE3ETMC4g==}
    engines: {node: '>=16.20.0'}
    cpu: [x64]
    os: [win32]

  tslib@2.8.1:
    resolution: {integrity: sha512-oJFu94HQb+KVduSUQL7wnpmqnfmLsOA/nAh6b6EH0wCEoK0/mPeXU6c3wKDV83MkOuHPRHtSXKKU99IBazS/2w==}

  typescript@7.0.2:
    resolution: {integrity: sha512-8FYau96o3NKOhbjKi/qNvG/W5jhzxkbdm5sj9AbZ/5T5sWqn3hJgLfGx27sRKZWTvyzCP8dLRBTf5tBTSRVUNA==}
    engines: {node: '>=16.20.0'}
    hasBin: true

  undici-types@8.3.0:
    resolution: {integrity: sha512-j375ScV60dom+YkPFIfTLcOiPxkN/buHz5GobjLhixFuANaNs3C9l4GmrWqejgXWJ7BbJcFYpTEUkS1Ge8bpZQ==}

snapshots:

  '@emnapi/core@1.11.3':
    dependencies:
      '@emnapi/wasi-threads': 1.2.3
      tslib: 2.8.1
    optional: true

  '@emnapi/runtime@1.11.3':
    dependencies:
      tslib: 2.8.1
    optional: true

  '@emnapi/wasi-threads@1.2.3':
    dependencies:
      tslib: 2.8.1
    optional: true

  '@napi-rs/wasm-runtime@1.1.6(@emnapi/core@1.11.3)(@emnapi/runtime@1.11.3)':
    dependencies:
      '@emnapi/core': 1.11.3
      '@emnapi/runtime': 1.11.3
      '@tybys/wasm-util': 0.10.3
    optional: true

  '@rspack/binding-darwin-arm64@2.2.0':
    optional: true

  '@rspack/binding-darwin-x64@2.2.0':
    optional: true

  '@rspack/binding-linux-arm64-gnu@2.2.0':
    optional: true

  '@rspack/binding-linux-arm64-musl@2.2.0':
    optional: true

  '@rspack/binding-linux-ppc64-gnu@2.2.0':
    optional: true

  '@rspack/binding-linux-riscv64-gnu@2.2.0':
    optional: true

  '@rspack/binding-linux-riscv64-musl@2.2.0':
    optional: true

  '@rspack/binding-linux-s390x-gnu@2.2.0':
    optional: true

  '@rspack/binding-linux-x64-gnu@2.2.0':
    optional: true

  '@rspack/binding-linux-x64-musl@2.2.0':
    optional: true

  '@rspack/binding-wasm32-wasi@2.2.0':
    dependencies:
      '@emnapi/core': 1.11.3
      '@emnapi/runtime': 1.11.3
      '@napi-rs/wasm-runtime': 1.1.6(@emnapi/core@1.11.3)(@emnapi/runtime@1.11.3)
    optional: true

  '@rspack/binding-win32-arm64-msvc@2.2.0':
    optional: true

  '@rspack/binding-win32-ia32-msvc@2.2.0':
    optional: true

  '@rspack/binding-win32-x64-msvc@2.2.0':
    optional: true

  '@rspack/binding@2.2.0':
    optionalDependencies:
      '@rspack/binding-darwin-arm64': 2.2.0
      '@rspack/binding-darwin-x64': 2.2.0
      '@rspack/binding-linux-arm64-gnu': 2.2.0
      '@rspack/binding-linux-arm64-musl': 2.2.0
      '@rspack/binding-linux-ppc64-gnu': 2.2.0
      '@rspack/binding-linux-riscv64-gnu': 2.2.0
      '@rspack/binding-linux-riscv64-musl': 2.2.0
      '@rspack/binding-linux-s390x-gnu': 2.2.0
      '@rspack/binding-linux-x64-gnu': 2.2.0
      '@rspack/binding-linux-x64-musl': 2.2.0
      '@rspack/binding-wasm32-wasi': 2.2.0
      '@rspack/binding-win32-arm64-msvc': 2.2.0
      '@rspack/binding-win32-ia32-msvc': 2.2.0
      '@rspack/binding-win32-x64-msvc': 2.2.0

  '@rspack/core@2.2.0':
    dependencies:
      '@rspack/binding': 2.2.0

  '@swc/core-darwin-arm64@1.16.1':
    optional: true

  '@swc/core-darwin-x64@1.16.1':
    optional: true

  '@swc/core-linux-arm-gnueabihf@1.16.1':
    optional: true

  '@swc/core-linux-arm64-gnu@1.16.1':
    optional: true

  '@swc/core-linux-arm64-musl@1.16.1':
    optional: true

  '@swc/core-linux-ppc64-gnu@1.16.1':
    optional: true

  '@swc/core-linux-s390x-gnu@1.16.1':
    optional: true

  '@swc/core-linux-x64-gnu@1.16.1':
    optional: true

  '@swc/core-linux-x64-musl@1.16.1':
    optional: true

  '@swc/core-win32-arm64-msvc@1.16.1':
    optional: true

  '@swc/core-win32-ia32-msvc@1.16.1':
    optional: true

  '@swc/core-win32-x64-msvc@1.16.1':
    optional: true

  '@swc/core@1.16.1':
    dependencies:
      '@swc/counter': 0.1.3
      '@swc/types': 0.1.28
    optionalDependencies:
      '@swc/core-darwin-arm64': 1.16.1
      '@swc/core-darwin-x64': 1.16.1
      '@swc/core-linux-arm-gnueabihf': 1.16.1
      '@swc/core-linux-arm64-gnu': 1.16.1
      '@swc/core-linux-arm64-musl': 1.16.1
      '@swc/core-linux-ppc64-gnu': 1.16.1
      '@swc/core-linux-s390x-gnu': 1.16.1
      '@swc/core-linux-x64-gnu': 1.16.1
      '@swc/core-linux-x64-musl': 1.16.1
      '@swc/core-win32-arm64-msvc': 1.16.1
      '@swc/core-win32-ia32-msvc': 1.16.1
      '@swc/core-win32-x64-msvc': 1.16.1

  '@swc/counter@0.1.3': {}

  '@swc/types@0.1.28':
    dependencies:
      '@swc/counter': 0.1.3

  '@tybys/wasm-util@0.10.3':
    dependencies:
      tslib: 2.8.1
    optional: true

  '@types/node@26.3.0':
    dependencies:
      undici-types: 8.3.0

  '@typescript/typescript-aix-ppc64@7.0.2':
    optional: true

  '@typescript/typescript-darwin-arm64@7.0.2':
    optional: true

  '@typescript/typescript-darwin-x64@7.0.2':
    optional: true

  '@typescript/typescript-freebsd-arm64@7.0.2':
    optional: true

  '@typescript/typescript-freebsd-x64@7.0.2':
    optional: true

  '@typescript/typescript-linux-arm64@7.0.2':
    optional: true

  '@typescript/typescript-linux-arm@7.0.2':
    optional: true

  '@typescript/typescript-linux-loong64@7.0.2':
    optional: true

  '@typescript/typescript-linux-mips64el@7.0.2':
    optional: true

  '@typescript/typescript-linux-ppc64@7.0.2':
    optional: true

  '@typescript/typescript-linux-riscv64@7.0.2':
    optional: true

  '@typescript/typescript-linux-s390x@7.0.2':
    optional: true

  '@typescript/typescript-linux-x64@7.0.2':
    optional: true

  '@typescript/typescript-netbsd-arm64@7.0.2':
    optional: true

  '@typescript/typescript-netbsd-x64@7.0.2':
    optional: true

  '@typescript/typescript-openbsd-arm64@7.0.2':
    optional: true

  '@typescript/typescript-openbsd-x64@7.0.2':
    optional: true

  '@typescript/typescript-sunos-x64@7.0.2':
    optional: true

  '@typescript/typescript-win32-arm64@7.0.2':
    optional: true

  '@typescript/typescript-win32-x64@7.0.2':
    optional: true

  tslib@2.8.1:
    optional: true

  typescript@7.0.2:
    optionalDependencies:
      '@typescript/typescript-aix-ppc64': 7.0.2
      '@typescript/typescript-darwin-arm64': 7.0.2
      '@typescript/typescript-darwin-x64': 7.0.2
      '@typescript/typescript-freebsd-arm64': 7.0.2
      '@typescript/typescript-freebsd-x64': 7.0.2
      '@typescript/typescript-linux-arm': 7.0.2
      '@typescript/typescript-linux-arm64': 7.0.2
      '@typescript/typescript-linux-loong64': 7.0.2
      '@typescript/typescript-linux-mips64el': 7.0.2
      '@typescript/typescript-linux-ppc64': 7.0.2
      '@typescript/typescript-linux-riscv64': 7.0.2
      '@typescript/typescript-linux-s390x': 7.0.2
      '@typescript/typescript-linux-x64': 7.0.2
      '@typescript/typescript-netbsd-arm64': 7.0.2
      '@typescript/typescript-netbsd-x64': 7.0.2
      '@typescript/typescript-openbsd-arm64': 7.0.2
      '@typescript/typescript-openbsd-x64': 7.0.2
      '@typescript/typescript-sunos-x64': 7.0.2
      '@typescript/typescript-win32-arm64': 7.0.2
      '@typescript/typescript-win32-x64': 7.0.2

  undici-types@8.3.0: {}
